
Microsoft Visual Studio Solution File, Format Version 12.00
# Visual Studio Version 16
VisualStudioVersion = 16.0.29519.181
MinimumVisualStudioVersion = 10.0.40219.1
Project("{FAE04EC0-301F-11D3-BF4B-00C04F79EFBC}") = "Laba2", "Laba2.csproj", "{F3BA9629-AA3B-4354-9C38-A0E91D97877E}"
EndProject
Global
	GlobalSection(SolutionConfigurationPlatforms) = preSolution
		Debug|Any CPU = Debug|Any CPU
		Release|Any CPU = Release|Any CPU
	EndGlobalSection
	GlobalSection(ProjectConfigurationPlatforms) = postSolution
		{F3BA9629-AA3B-4354-9C38-A0E91D97877E}.Debug|Any CPU.ActiveCfg = Debug|Any CPU
		{F3BA9629-AA3B-4354-9C38-A0E91D97877E}.Debug|Any CPU.Build.0 = Debug|Any CPU
		{F3BA9629-AA3B-4354-9C38-A0E91D97877E}.Release|Any CPU.ActiveCfg = Release|Any CPU
		{F3BA9629-AA3B-4354-9C38-A0E91D97877E}.Release|Any CPU.Build.0 = Release|Any CPU
	EndGlobalSection
	GlobalSection(SolutionProperties) = preSolution
		HideSolutionNode = FALSE
	EndGlobalSection
	GlobalSection(ExtensibilityGlobals) = postSolution
		SolutionGuid = {8300F2BB-3919-4A9A-93D9-A33DEDFCE028}
	EndGlobalSection
EndGlobal
